
Microsoft Visual Studio Solution File, Format Version 12.00
# Visual Studio Version 16
VisualStudioVersion = 16.0.29509.3
MinimumVisualStudioVersion = 10.0.40219.1
Project("{9A19103F-16F7-4668-BE54-9A1E7A4F7556}") = "Toe.Math", "Toe.Math\Toe.Math.csproj", "{D21305CE-F10E-4A5F-9BCC-7348955C8A4E}"
EndProject
Project("{9A19103F-16F7-4668-BE54-9A1E7A4F7556}") = "Toe.ContentPipeline", "Toe.ContentPipeline\Toe.ContentPipeline.csproj", "{B3F7155A-FE96-4A88-A60B-959A3EDF3930}"
EndProject
Project("{9A19103F-16F7-4668-BE54-9A1E7A4F7556}") = "FixGLBNormals", "FixGLBNormals\FixGLBNormals.csproj", "{E441E3E7-979C-4D8D-804D-A0405E9F8208}"
EndProject
Project("{9A19103F-16F7-4668-BE54-9A1E7A4F7556}") = "Toe.SceneGraph", "Toe.SceneGraph\Toe.SceneGraph.csproj", "{8B1F4E63-5A2C-4356-8204-5C7C53DE4BA2}"
EndProject
Project("{2150E333-8FDC-42A3-9474-1A3956D46DE8}") = "Tools", "Tools", "{DA9CE1AF-7D63-468F-8F8A-1281A4A6EB24}"
EndProject
Project("{2150E333-8FDC-42A3-9474-1A3956D46DE8}") = "Libs", "Libs", "{2EC7D835-0F6E-4F19-9916-08EE3CF67301}"
EndProject
Project("{9A19103F-16F7-4668-BE54-9A1E7A4F7556}") = "Toe.EntityComponentSystem", "Toe.EntityComponentSystem\Toe.EntityComponentSystem.csproj", "{69AC3679-C99D-4617-BDE8-D2FF726931AC}"
EndProject
Project("{9A19103F-16F7-4668-BE54-9A1E7A4F7556}") = "Toe.ContentPipeline.GLTFSharp", "Toe.ContentPipeline.GLTFSharp\Toe.ContentPipeline.GLTFSharp.csproj", "{FF70FEA6-DB59-49D8-8527-32D80B37FAE3}"
EndProject
Project("{9A19103F-16F7-4668-BE54-9A1E7A4F7556}") = "Toe.ContentPipeline.UnitTests", "Toe.ContentPipeline.UnitTests\Toe.ContentPipeline.UnitTests.csproj", "{41FE2F12-146B-4730-9821-828F0D259E3A}"
EndProject
Project("{9A19103F-16F7-4668-BE54-9A1E7A4F7556}") = "Toe.ContentPipeline.GLTFSharp.UnitTests", "Toe.ContentPipeline.GLTFSharp.UnitTests\Toe.ContentPipeline.GLTFSharp.UnitTests.csproj", "{141228C0-D7A8-4696-B3D4-8EF40CC2D4CB}"
EndProject
Project("{2150E333-8FDC-42A3-9474-1A3956D46DE8}") = "ContentPipeline", "ContentPipeline", "{27746DDE-913E-43B6-AC88-AF10C18D8C0F}"
EndProject
Project("{2150E333-8FDC-42A3-9474-1A3956D46DE8}") = "Math", "Math", "{785EA235-9CDC-48E5-B72B-FF43B0392506}"
EndProject
Project("{2150E333-8FDC-42A3-9474-1A3956D46DE8}") = "ECS", "ECS", "{D39FD8CF-3C99-4E6E-A889-07E53091AA5D}"
EndProject
Project("{2150E333-8FDC-42A3-9474-1A3956D46DE8}") = "SceneGraph", "SceneGraph", "{A884DD91-6B7F-4B5D-A94B-E1ABFB82504B}"
EndProject
Project("{9A19103F-16F7-4668-BE54-9A1E7A4F7556}") = "Toe.EntityComponentSystem.SceneGraph", "Toe.EntityComponentSystem.SceneGraph\Toe.EntityComponentSystem.SceneGraph.csproj", "{4549FF2A-887B-4520-817A-44F2F647011F}"
EndProject
Project("{9A19103F-16F7-4668-BE54-9A1E7A4F7556}") = "Toe.SceneGraph.UnitTests", "Toe.SceneGraph.UnitTests\Toe.SceneGraph.UnitTests.csproj", "{B6913E91-E85D-42F9-978E-B392E1C5FD7C}"
EndProject
Project("{9A19103F-16F7-4668-BE54-9A1E7A4F7556}") = "Toe.ContentPipeline.FBXSharp", "Toe.ContentPipeline.FBXSharp\Toe.ContentPipeline.FBXSharp.csproj", "{8158D00E-AA67-40AF-96D7-DF61E8C95505}"
EndProject
Project("{9A19103F-16F7-4668-BE54-9A1E7A4F7556}") = "Toe.ContentPipeline.Preview", "Toe.ContentPipeline.Preview\Toe.ContentPipeline.Preview.csproj", "{357A214D-E9D9-490B-B511-8EDE79A21AAC}"
EndProject
Project("{9A19103F-16F7-4668-BE54-9A1E7A4F7556}") = "Toe.ContentPipeline.Viewer", "Toe.ContentPipeline.Viewer\Toe.ContentPipeline.Viewer.csproj", "{C0500513-6FF0-4D6E-837B-D91E228A5144}"
EndProject
Project("{9A19103F-16F7-4668-BE54-9A1E7A4F7556}") = "Toe.ContentPipeline.Tokenizer", "Toe.ContentPipeline.Tokenizer\Toe.ContentPipeline.Tokenizer.csproj", "{8AFC292D-5965-4876-A875-13B2AD0F6339}"
EndProject
Project("{9A19103F-16F7-4668-BE54-9A1E7A4F7556}") = "Toe.ContentPipeline.Tokenizer.UnitTests", "Toe.ContentPipeline.Tokenizer.UnitTests\Toe.ContentPipeline.Tokenizer.UnitTests.csproj", "{60611196-C290-4FF7-B472-8160AC3ACCA4}"
EndProject
Project("{9A19103F-16F7-4668-BE54-9A1E7A4F7556}") = "TokenizerGenerator", "TokenizerGenerator\TokenizerGenerator.csproj", "{B03100C2-2F1C-4C05-966B-823298FDD47E}"
EndProject
Project("{2150E333-8FDC-42A3-9474-1A3956D46DE8}") = "Tokenizer", "Tokenizer", "{755A6865-ACC0-412A-8AFF-0A58BFE50AC6}"
EndProject
Project("{9A19103F-16F7-4668-BE54-9A1E7A4F7556}") = "Toe.ContentPipeline.Tokenizer.Benchmark", "Toe.ContentPipeline.Tokenizer.Benchmark\Toe.ContentPipeline.Tokenizer.Benchmark.csproj", "{455F226A-A221-47AA-9DF4-4DB7C257C74D}"
EndProject
Project("{2150E333-8FDC-42A3-9474-1A3956D46DE8}") = "GLTF", "GLTF", "{348A6E04-281F-4F44-87A5-2259A3D875E1}"
EndProject
Project("{2150E333-8FDC-42A3-9474-1A3956D46DE8}") = "FBX", "FBX", "{4B72EA0E-4B0E-48D6-A18D-D4BFD033A84D}"
EndProject
Project("{2150E333-8FDC-42A3-9474-1A3956D46DE8}") = "Ase", "Ase", "{72B33181-57EC-4CD2-A398-1B23369ED5FB}"
EndProject
Project("{2150E333-8FDC-42A3-9474-1A3956D46DE8}") = "Obj", "Obj", "{D4069F45-0F36-498D-931A-E7AFA38188F2}"
EndProject
Project("{2150E333-8FDC-42A3-9474-1A3956D46DE8}") = "Collada", "Collada", "{0ED3B336-9FD3-403F-B7D0-D0F1C650CF11}"
EndProject
Project("{2150E333-8FDC-42A3-9474-1A3956D46DE8}") = "BSP", "BSP", "{DA678346-E61B-4192-B915-E9FDAC552CF7}"
EndProject
Project("{2150E333-8FDC-42A3-9474-1A3956D46DE8}") = "AsyncDependency", "AsyncDependency", "{72C4DB45-4BAA-4B4D-82E8-59D300E9392F}"
EndProject
Project("{2150E333-8FDC-42A3-9474-1A3956D46DE8}") = "Xyz", "Xyz", "{E71373A9-C2D4-4205-BC79-B31B5EFA056E}"
EndProject
Project("{9A19103F-16F7-4668-BE54-9A1E7A4F7556}") = "Toe.ContentPipeline.Xyz", "Toe.ContentPipeline.Xyz\Toe.ContentPipeline.Xyz.csproj", "{E14214AC-7D9E-45C1-A5A9-04F803A4C3BF}"
EndProject
Project("{9A19103F-16F7-4668-BE54-9A1E7A4F7556}") = "Toe.ContentPipeline.Ase", "Toe.ContentPipeline.Ase\Toe.ContentPipeline.Ase.csproj", "{C42E62E6-8133-4338-AC55-234F68A5F6B4}"
EndProject
Project("{9A19103F-16F7-4668-BE54-9A1E7A4F7556}") = "Toe.ContentPipeline.BSP", "Toe.ContentPipeline.BSP\Toe.ContentPipeline.BSP.csproj", "{B09A0398-C443-4480-A58D-F72E6A7AA133}"
EndProject
Project("{9A19103F-16F7-4668-BE54-9A1E7A4F7556}") = "Toe.ContentPipeline.Collada", "Toe.ContentPipeline.Collada\Toe.ContentPipeline.Collada.csproj", "{0CDCBC2B-68BA-4855-B1A8-90FA83FB6639}"
EndProject
Project("{9A19103F-16F7-4668-BE54-9A1E7A4F7556}") = "Toe.ContentPipeline.Obj", "Toe.ContentPipeline.Obj\Toe.ContentPipeline.Obj.csproj", "{D9BBCB9E-4C48-459F-9F6D-2360B99D480C}"
EndProject
Project("{2150E333-8FDC-42A3-9474-1A3956D46DE8}") = "Veldrid", "Veldrid", "{46B64277-DD9C-4A0C-A41A-4CC92D021075}"
EndProject
Project("{FAE04EC0-301F-11D3-BF4B-00C04F79EFBC}") = "Toe.VeldridRender", "Toe.VeldridRender\Toe.VeldridRender.csproj", "{056C250E-08F6-41D9-A8E8-D221FA101C30}"
EndProject
Global
	GlobalSection(SolutionConfigurationPlatforms) = preSolution
		Debug|Any CPU = Debug|Any CPU
		Release|Any CPU = Release|Any CPU
	EndGlobalSection
	GlobalSection(ProjectConfigurationPlatforms) = postSolution
		{D21305CE-F10E-4A5F-9BCC-7348955C8A4E}.Debug|Any CPU.ActiveCfg = Debug|Any CPU
		{D21305CE-F10E-4A5F-9BCC-7348955C8A4E}.Debug|Any CPU.Build.0 = Debug|Any CPU
		{D21305CE-F10E-4A5F-9BCC-7348955C8A4E}.Release|Any CPU.ActiveCfg = Release|Any CPU
		{D21305CE-F10E-4A5F-9BCC-7348955C8A4E}.Release|Any CPU.Build.0 = Release|Any CPU
		{B3F7155A-FE96-4A88-A60B-959A3EDF3930}.Debug|Any CPU.ActiveCfg = Debug|Any CPU
		{B3F7155A-FE96-4A88-A60B-959A3EDF3930}.Debug|Any CPU.Build.0 = Debug|Any CPU
		{B3F7155A-FE96-4A88-A60B-959A3EDF3930}.Release|Any CPU.ActiveCfg = Release|Any CPU
		{B3F7155A-FE96-4A88-A60B-959A3EDF3930}.Release|Any CPU.Build.0 = Release|Any CPU
		{E441E3E7-979C-4D8D-804D-A0405E9F8208}.Debug|Any CPU.ActiveCfg = Debug|Any CPU
		{E441E3E7-979C-4D8D-804D-A0405E9F8208}.Debug|Any CPU.Build.0 = Debug|Any CPU
		{E441E3E7-979C-4D8D-804D-A0405E9F8208}.Release|Any CPU.ActiveCfg = Release|Any CPU
		{E441E3E7-979C-4D8D-804D-A0405E9F8208}.Release|Any CPU.Build.0 = Release|Any CPU
		{8B1F4E63-5A2C-4356-8204-5C7C53DE4BA2}.Debug|Any CPU.ActiveCfg = Debug|Any CPU
		{8B1F4E63-5A2C-4356-8204-5C7C53DE4BA2}.Debug|Any CPU.Build.0 = Debug|Any CPU
		{8B1F4E63-5A2C-4356-8204-5C7C53DE4BA2}.Release|Any CPU.ActiveCfg = Release|Any CPU
		{8B1F4E63-5A2C-4356-8204-5C7C53DE4BA2}.Release|Any CPU.Build.0 = Release|Any CPU
		{69AC3679-C99D-4617-BDE8-D2FF726931AC}.Debug|Any CPU.ActiveCfg = Debug|Any CPU
		{69AC3679-C99D-4617-BDE8-D2FF726931AC}.Debug|Any CPU.Build.0 = Debug|Any CPU
		{69AC3679-C99D-4617-BDE8-D2FF726931AC}.Release|Any CPU.ActiveCfg = Release|Any CPU
		{69AC3679-C99D-4617-BDE8-D2FF726931AC}.Release|Any CPU.Build.0 = Release|Any CPU
		{FF70FEA6-DB59-49D8-8527-32D80B37FAE3}.Debug|Any CPU.ActiveCfg = Debug|Any CPU
		{FF70FEA6-DB59-49D8-8527-32D80B37FAE3}.Debug|Any CPU.Build.0 = Debug|Any CPU
		{FF70FEA6-DB59-49D8-8527-32D80B37FAE3}.Release|Any CPU.ActiveCfg = Release|Any CPU
		{FF70FEA6-DB59-49D8-8527-32D80B37FAE3}.Release|Any CPU.Build.0 = Release|Any CPU
		{41FE2F12-146B-4730-9821-828F0D259E3A}.Debug|Any CPU.ActiveCfg = Debug|Any CPU
		{41FE2F12-146B-4730-9821-828F0D259E3A}.Debug|Any CPU.Build.0 = Debug|Any CPU
		{41FE2F12-146B-4730-9821-828F0D259E3A}.Release|Any CPU.ActiveCfg = Release|Any CPU
		{41FE2F12-146B-4730-9821-828F0D259E3A}.Release|Any CPU.Build.0 = Release|Any CPU
		{141228C0-D7A8-4696-B3D4-8EF40CC2D4CB}.Debug|Any CPU.ActiveCfg = Debug|Any CPU
		{141228C0-D7A8-4696-B3D4-8EF40CC2D4CB}.Debug|Any CPU.Build.0 = Debug|Any CPU
		{141228C0-D7A8-4696-B3D4-8EF40CC2D4CB}.Release|Any CPU.ActiveCfg = Release|Any CPU
		{141228C0-D7A8-4696-B3D4-8EF40CC2D4CB}.Release|Any CPU.Build.0 = Release|Any CPU
		{4549FF2A-887B-4520-817A-44F2F647011F}.Debug|Any CPU.ActiveCfg = Debug|Any CPU
		{4549FF2A-887B-4520-817A-44F2F647011F}.Debug|Any CPU.Build.0 = Debug|Any CPU
		{4549FF2A-887B-4520-817A-44F2F647011F}.Release|Any CPU.ActiveCfg = Release|Any CPU
		{4549FF2A-887B-4520-817A-44F2F647011F}.Release|Any CPU.Build.0 = Release|Any CPU
		{B6913E91-E85D-42F9-978E-B392E1C5FD7C}.Debug|Any CPU.ActiveCfg = Debug|Any CPU
		{B6913E91-E85D-42F9-978E-B392E1C5FD7C}.Debug|Any CPU.Build.0 = Debug|Any CPU
		{B6913E91-E85D-42F9-978E-B392E1C5FD7C}.Release|Any CPU.ActiveCfg = Release|Any CPU
		{B6913E91-E85D-42F9-978E-B392E1C5FD7C}.Release|Any CPU.Build.0 = Release|Any CPU
		{8158D00E-AA67-40AF-96D7-DF61E8C95505}.Debug|Any CPU.ActiveCfg = Debug|Any CPU
		{8158D00E-AA67-40AF-96D7-DF61E8C95505}.Debug|Any CPU.Build.0 = Debug|Any CPU
		{8158D00E-AA67-40AF-96D7-DF61E8C95505}.Release|Any CPU.ActiveCfg = Release|Any CPU
		{8158D00E-AA67-40AF-96D7-DF61E8C95505}.Release|Any CPU.Build.0 = Release|Any CPU
		{357A214D-E9D9-490B-B511-8EDE79A21AAC}.Debug|Any CPU.ActiveCfg = Debug|Any CPU
		{357A214D-E9D9-490B-B511-8EDE79A21AAC}.Debug|Any CPU.Build.0 = Debug|Any CPU
		{357A214D-E9D9-490B-B511-8EDE79A21AAC}.Release|Any CPU.ActiveCfg = Release|Any CPU
		{357A214D-E9D9-490B-B511-8EDE79A21AAC}.Release|Any CPU.Build.0 = Release|Any CPU
		{C0500513-6FF0-4D6E-837B-D91E228A5144}.Debug|Any CPU.ActiveCfg = Debug|Any CPU
		{C0500513-6FF0-4D6E-837B-D91E228A5144}.Debug|Any CPU.Build.0 = Debug|Any CPU
		{C0500513-6FF0-4D6E-837B-D91E228A5144}.Release|Any CPU.ActiveCfg = Release|Any CPU
		{C0500513-6FF0-4D6E-837B-D91E228A5144}.Release|Any CPU.Build.0 = Release|Any CPU
		{8AFC292D-5965-4876-A875-13B2AD0F6339}.Debug|Any CPU.ActiveCfg = Debug|Any CPU
		{8AFC292D-5965-4876-A875-13B2AD0F6339}.Debug|Any CPU.Build.0 = Debug|Any CPU
		{8AFC292D-5965-4876-A875-13B2AD0F6339}.Release|Any CPU.ActiveCfg = Release|Any CPU
		{8AFC292D-5965-4876-A875-13B2AD0F6339}.Release|Any CPU.Build.0 = Release|Any CPU
		{60611196-C290-4FF7-B472-8160AC3ACCA4}.Debug|Any CPU.ActiveCfg = Debug|Any CPU
		{60611196-C290-4FF7-B472-8160AC3ACCA4}.Debug|Any CPU.Build.0 = Debug|Any CPU
		{60611196-C290-4FF7-B472-8160AC3ACCA4}.Release|Any CPU.ActiveCfg = Release|Any CPU
		{60611196-C290-4FF7-B472-8160AC3ACCA4}.Release|Any CPU.Build.0 = Release|Any CPU
		{B03100C2-2F1C-4C05-966B-823298FDD47E}.Debug|Any CPU.ActiveCfg = Debug|Any CPU
		{B03100C2-2F1C-4C05-966B-823298FDD47E}.Debug|Any CPU.Build.0 = Debug|Any CPU
		{B03100C2-2F1C-4C05-966B-823298FDD47E}.Release|Any CPU.ActiveCfg = Release|Any CPU
		{B03100C2-2F1C-4C05-966B-823298FDD47E}.Release|Any CPU.Build.0 = Release|Any CPU
		{455F226A-A221-47AA-9DF4-4DB7C257C74D}.Debug|Any CPU.ActiveCfg = Debug|Any CPU
		{455F226A-A221-47AA-9DF4-4DB7C257C74D}.Debug|Any CPU.Build.0 = Debug|Any CPU
		{455F226A-A221-47AA-9DF4-4DB7C257C74D}.Release|Any CPU.ActiveCfg = Release|Any CPU
		{455F226A-A221-47AA-9DF4-4DB7C257C74D}.Release|Any CPU.Build.0 = Release|Any CPU
		{E14214AC-7D9E-45C1-A5A9-04F803A4C3BF}.Debug|Any CPU.ActiveCfg = Debug|Any CPU
		{E14214AC-7D9E-45C1-A5A9-04F803A4C3BF}.Debug|Any CPU.Build.0 = Debug|Any CPU
		{E14214AC-7D9E-45C1-A5A9-04F803A4C3BF}.Release|Any CPU.ActiveCfg = Release|Any CPU
		{E14214AC-7D9E-45C1-A5A9-04F803A4C3BF}.Release|Any CPU.Build.0 = Release|Any CPU
		{C42E62E6-8133-4338-AC55-234F68A5F6B4}.Debug|Any CPU.ActiveCfg = Debug|Any CPU
		{C42E62E6-8133-4338-AC55-234F68A5F6B4}.Debug|Any CPU.Build.0 = Debug|Any CPU
		{C42E62E6-8133-4338-AC55-234F68A5F6B4}.Release|Any CPU.ActiveCfg = Release|Any CPU
		{C42E62E6-8133-4338-AC55-234F68A5F6B4}.Release|Any CPU.Build.0 = Release|Any CPU
		{B09A0398-C443-4480-A58D-F72E6A7AA133}.Debug|Any CPU.ActiveCfg = Debug|Any CPU
		{B09A0398-C443-4480-A58D-F72E6A7AA133}.Debug|Any CPU.Build.0 = Debug|Any CPU
		{B09A0398-C443-4480-A58D-F72E6A7AA133}.Release|Any CPU.ActiveCfg = Release|Any CPU
		{B09A0398-C443-4480-A58D-F72E6A7AA133}.Release|Any CPU.Build.0 = Release|Any CPU
		{0CDCBC2B-68BA-4855-B1A8-90FA83FB6639}.Debug|Any CPU.ActiveCfg = Debug|Any CPU
		{0CDCBC2B-68BA-4855-B1A8-90FA83FB6639}.Debug|Any CPU.Build.0 = Debug|Any CPU
		{0CDCBC2B-68BA-4855-B1A8-90FA83FB6639}.Release|Any CPU.ActiveCfg = Release|Any CPU
		{0CDCBC2B-68BA-4855-B1A8-90FA83FB6639}.Release|Any CPU.Build.0 = Release|Any CPU
		{D9BBCB9E-4C48-459F-9F6D-2360B99D480C}.Debug|Any CPU.ActiveCfg = Debug|Any CPU
		{D9BBCB9E-4C48-459F-9F6D-2360B99D480C}.Debug|Any CPU.Build.0 = Debug|Any CPU
		{D9BBCB9E-4C48-459F-9F6D-2360B99D480C}.Release|Any CPU.ActiveCfg = Release|Any CPU
		{D9BBCB9E-4C48-459F-9F6D-2360B99D480C}.Release|Any CPU.Build.0 = Release|Any CPU
		{056C250E-08F6-41D9-A8E8-D221FA101C30}.Debug|Any CPU.ActiveCfg = Debug|Any CPU
		{056C250E-08F6-41D9-A8E8-D221FA101C30}.Debug|Any CPU.Build.0 = Debug|Any CPU
		{056C250E-08F6-41D9-A8E8-D221FA101C30}.Release|Any CPU.ActiveCfg = Release|Any CPU
		{056C250E-08F6-41D9-A8E8-D221FA101C30}.Release|Any CPU.Build.0 = Release|Any CPU
	EndGlobalSection
	GlobalSection(SolutionProperties) = preSolution
		HideSolutionNode = FALSE
	EndGlobalSection
	GlobalSection(NestedProjects) = preSolution
		{D21305CE-F10E-4A5F-9BCC-7348955C8A4E} = {785EA235-9CDC-48E5-B72B-FF43B0392506}
		{B3F7155A-FE96-4A88-A60B-959A3EDF3930} = {27746DDE-913E-43B6-AC88-AF10C18D8C0F}
		{E441E3E7-979C-4D8D-804D-A0405E9F8208} = {DA9CE1AF-7D63-468F-8F8A-1281A4A6EB24}
		{8B1F4E63-5A2C-4356-8204-5C7C53DE4BA2} = {A884DD91-6B7F-4B5D-A94B-E1ABFB82504B}
		{69AC3679-C99D-4617-BDE8-D2FF726931AC} = {D39FD8CF-3C99-4E6E-A889-07E53091AA5D}
		{FF70FEA6-DB59-49D8-8527-32D80B37FAE3} = {348A6E04-281F-4F44-87A5-2259A3D875E1}
		{41FE2F12-146B-4730-9821-828F0D259E3A} = {27746DDE-913E-43B6-AC88-AF10C18D8C0F}
		{141228C0-D7A8-4696-B3D4-8EF40CC2D4CB} = {348A6E04-281F-4F44-87A5-2259A3D875E1}
		{27746DDE-913E-43B6-AC88-AF10C18D8C0F} = {2EC7D835-0F6E-4F19-9916-08EE3CF67301}
		{785EA235-9CDC-48E5-B72B-FF43B0392506} = {2EC7D835-0F6E-4F19-9916-08EE3CF67301}
		{D39FD8CF-3C99-4E6E-A889-07E53091AA5D} = {2EC7D835-0F6E-4F19-9916-08EE3CF67301}
		{A884DD91-6B7F-4B5D-A94B-E1ABFB82504B} = {2EC7D835-0F6E-4F19-9916-08EE3CF67301}
		{4549FF2A-887B-4520-817A-44F2F647011F} = {D39FD8CF-3C99-4E6E-A889-07E53091AA5D}
		{B6913E91-E85D-42F9-978E-B392E1C5FD7C} = {A884DD91-6B7F-4B5D-A94B-E1ABFB82504B}
		{8158D00E-AA67-40AF-96D7-DF61E8C95505} = {4B72EA0E-4B0E-48D6-A18D-D4BFD033A84D}
		{357A214D-E9D9-490B-B511-8EDE79A21AAC} = {27746DDE-913E-43B6-AC88-AF10C18D8C0F}
		{C0500513-6FF0-4D6E-837B-D91E228A5144} = {27746DDE-913E-43B6-AC88-AF10C18D8C0F}
		{8AFC292D-5965-4876-A875-13B2AD0F6339} = {755A6865-ACC0-412A-8AFF-0A58BFE50AC6}
		{60611196-C290-4FF7-B472-8160AC3ACCA4} = {755A6865-ACC0-412A-8AFF-0A58BFE50AC6}
		{B03100C2-2F1C-4C05-966B-823298FDD47E} = {755A6865-ACC0-412A-8AFF-0A58BFE50AC6}
		{755A6865-ACC0-412A-8AFF-0A58BFE50AC6} = {27746DDE-913E-43B6-AC88-AF10C18D8C0F}
		{455F226A-A221-47AA-9DF4-4DB7C257C74D} = {755A6865-ACC0-412A-8AFF-0A58BFE50AC6}
		{348A6E04-281F-4F44-87A5-2259A3D875E1} = {27746DDE-913E-43B6-AC88-AF10C18D8C0F}
		{4B72EA0E-4B0E-48D6-A18D-D4BFD033A84D} = {27746DDE-913E-43B6-AC88-AF10C18D8C0F}
		{72B33181-57EC-4CD2-A398-1B23369ED5FB} = {27746DDE-913E-43B6-AC88-AF10C18D8C0F}
		{D4069F45-0F36-498D-931A-E7AFA38188F2} = {27746DDE-913E-43B6-AC88-AF10C18D8C0F}
		{0ED3B336-9FD3-403F-B7D0-D0F1C650CF11} = {27746DDE-913E-43B6-AC88-AF10C18D8C0F}
		{DA678346-E61B-4192-B915-E9FDAC552CF7} = {27746DDE-913E-43B6-AC88-AF10C18D8C0F}
		{72C4DB45-4BAA-4B4D-82E8-59D300E9392F} = {2EC7D835-0F6E-4F19-9916-08EE3CF67301}
		{E71373A9-C2D4-4205-BC79-B31B5EFA056E} = {27746DDE-913E-43B6-AC88-AF10C18D8C0F}
		{E14214AC-7D9E-45C1-A5A9-04F803A4C3BF} = {E71373A9-C2D4-4205-BC79-B31B5EFA056E}
		{C42E62E6-8133-4338-AC55-234F68A5F6B4} = {72B33181-57EC-4CD2-A398-1B23369ED5FB}
		{B09A0398-C443-4480-A58D-F72E6A7AA133} = {DA678346-E61B-4192-B915-E9FDAC552CF7}
		{0CDCBC2B-68BA-4855-B1A8-90FA83FB6639} = {0ED3B336-9FD3-403F-B7D0-D0F1C650CF11}
		{D9BBCB9E-4C48-459F-9F6D-2360B99D480C} = {D4069F45-0F36-498D-931A-E7AFA38188F2}
		{46B64277-DD9C-4A0C-A41A-4CC92D021075} = {2EC7D835-0F6E-4F19-9916-08EE3CF67301}
		{056C250E-08F6-41D9-A8E8-D221FA101C30} = {46B64277-DD9C-4A0C-A41A-4CC92D021075}
	EndGlobalSection
	GlobalSection(ExtensibilityGlobals) = postSolution
		SolutionGuid = {5D0DC143-823F-4C69-AB0D-47F4F16A0982}
	EndGlobalSection
EndGlobal
